{
  "object": {
    "pins": [
      {
        "package": "SocketRocket",
        "repositoryURL": "https://github.com/alvar-bolt/SocketRocket",
        "state": {
          "branch": null,
          "revision": "2046780a17cc598a4b648b5db00540d669bee02f",
          "version": null
        }
      }
    ]
  },
  "version": 1
}
